dependencies:
- name: k8s-read
  repository: file://../k8s-read
  version: 0.0.15
- name: static-sbom
  repository: file://../static-sbom
  version: 0.0.19
- name: dynamic-ebpf
  repository: file://../dynamic-ebpf
  version: 0.1.19
- name: collector
  repository: file://../miggo-collector
  version: 0.0.8
- name: common
  repository: file://../common
  version: 0.0.2
digest: sha256:a1e3700c1859922951493dbdaa7478f9fc8f2c16c1fc18aa1c95acbd089309c1
generated: "2024-12-18T16:28:17.601435472+02:00"
